// !$*UTF8*$!
{
	archiveVersion = 1;
	classes = {
	};
	objectVersion = 46;
	objects = {

/* Begin PBXBuildFile section */
		25898D1E1A57B50000FFF2DD /* AppDelegate.swift in Sources */ = {isa = PBXBuildFile; fileRef = 25898D1D1A57B50000FFF2DD /* AppDelegate.swift */; };
		25898D211A57B50000FFF2DD /* Stockit.xcdatamodeld in Sources */ = {isa = PBXBuildFile; fileRef = 25898D1F1A57B50000FFF2DD /* Stockit.xcdatamodeld */; };
		25898D231A57B50000FFF2DD /* ViewController.swift in Sources */ = {isa = PBXBuildFile; fileRef = 25898D221A57B50000FFF2DD /* ViewController.swift */; };
		25898D261A57B50000FFF2DD /* Main.storyboard in Resources */ = {isa = PBXBuildFile; fileRef = 25898D241A57B50000FFF2DD /* Main.storyboard */; };
		25898D281A57B50000FFF2DD /* Images.xcassets in Resources */ = {isa = PBXBuildFile; fileRef = 25898D271A57B50000FFF2DD /* Images.xcassets */; };
		25898D2B1A57B50000FFF2DD /* LaunchScreen.xib in Resources */ = {isa = PBXBuildFile; fileRef = 25898D291A57B50000FFF2DD /* LaunchScreen.xib */; };
		25898D371A57B50000FFF2DD /* StockitTests.swift in Sources */ = {isa = PBXBuildFile; fileRef = 25898D361A57B50000FFF2DD /* StockitTests.swift */; };
/* End PBXBuildFile section */

/* Begin PBXContainerItemProxy section */
		25898D311A57B50000FFF2DD /* PBXContainerItemProxy */ = {
			isa = PBXContainerItemProxy;
			containerPortal = 25898D101A57B50000FFF2DD /* Project object */;
			proxyType = 1;
			remoteGlobalIDString = 25898D171A57B50000FFF2DD;
			remoteInfo = Stockit;
		};
/* End PBXContainerItemProxy section */

/* Begin PBXFileReference section */
		25898D181A57B50000FFF2DD /* Stockit.app */ = {isa = PBXFileReference; explicitFileType = wrapper.application; includeInIndex = 0; path = Stockit.app; sourceTree = BUILT_PRODUCTS_DIR; };
		25898D1C1A57B50000FFF2DD /* Info.plist */ = {isa = PBXFileReference; lastKnownFileType = text.plist.xml; path = Info.plist; sourceTree = "<group>"; };
		25898D1D1A57B50000FFF2DD /* AppDelegate.swift */ = {isa = PBXFileReference; lastKnownFileType = sourcecode.swift; path = AppDelegate.swift; sourceTree = "<group>"; };
		25898D201A57B50000FFF2DD /* Stockit.xcdatamodel */ = {isa = PBXFileReference; lastKnownFileType = wrapper.xcdatamodel; path = Stockit.xcdatamodel; sourceTree = "<group>"; };
		25898D221A57B50000FFF2DD /* ViewController.swift */ = {isa = PBXFileReference; lastKnownFileType = sourcecode.swift; path = ViewController.swift; sourceTree = "<group>"; };
		25898D251A57B50000FFF2DD /* Base */ = {isa = PBXFileReference; lastKnownFileType = file.storyboard; name = Base; path = Base.lproj/Main.storyboard; sourceTree = "<group>"; };
		25898D271A57B50000FFF2DD /* Images.xcassets */ = {isa = PBXFileReference; lastKnownFileType = folder.assetcatalog; path = Images.xcassets; sourceTree = "<group>"; };
		25898D2A1A57B50000FFF2DD /* Base */ = {isa = PBXFileReference; lastKnownFileType = file.xib; name = Base; path = Base.lproj/LaunchScreen.xib; sourceTree = "<group>"; };
		25898D301A57B50000FFF2DD /* StockitTests.xctest */ = {isa = PBXFileReference; explicitFileType = wrapper.cfbundle; includeInIndex = 0; path = StockitTests.xctest; sourceTree = BUILT_PRODUCTS_DIR; };
		25898D351A57B50000FFF2DD /* Info.plist */ = {isa = PBXFileReference; lastKnownFileType = text.plist.xml; path = Info.plist; sourceTree = "<group>"; };
		25898D361A57B50000FFF2DD /* StockitTests.swift */ = {isa = PBXFileReference; lastKnownFileType = sourcecode.swift; path = StockitTests.swift; sourceTree = "<group>"; };
/* End PBXFileReference section */

/* Begin PBXFrameworksBuildPhase section */
		25898D151A57B50000FFF2DD /* Frameworks */ = {
			isa = PBXFrameworksBuildPhase;
			buildActionMask = 2147483647;
			files = (
			);
			runOnlyForDeploymentPostprocessing = 0;
		};
		25898D2D1A57B50000FFF2DD /* Frameworks */ = {
			isa = PBXFrameworksBuildPhase;
			buildActionMask = 2147483647;
			files = (
			);
			runOnlyForDeploymentPostprocessing = 0;
		};
/* End PBXFrameworksBuildPhase section */

/* Begin PBXGroup section */
		25898D0F1A57B50000FFF2DD = {
			isa = PBXGroup;
			children = (
				25898D1A1A57B50000FFF2DD /* Stockit */,
				25898D331A57B50000FFF2DD /* StockitTests */,
				25898D191A57B50000FFF2DD /* Products */,
			);
			sourceTree = "<group>";
		};
		25898D191A57B50000FFF2DD /* Products */ = {
			isa = PBXGroup;
			children = (
				25898D181A57B50000FFF2DD /* Stockit.app */,
				25898D301A57B50000FFF2DD /* StockitTests.xctest */,
			);
			name = Products;
			sourceTree = "<group>";
		};
		25898D1A1A57B50000FFF2DD /* Stockit */ = {
			isa = PBXGroup;
			children = (
				25898D1D1A57B50000FFF2DD /* AppDelegate.swift */,
				25898D221A57B50000FFF2DD /* ViewController.swift */,
				25898D241A57B50000FFF2DD /* Main.storyboard */,
				25898D271A57B50000FFF2DD /* Images.xcassets */,
				25898D291A57B50000FFF2DD /* LaunchScreen.xib */,
				25898D1F1A57B50000FFF2DD /* Stockit.xcdatamodeld */,
				25898D1B1A57B50000FFF2DD /* Supporting Files */,
			);
			path = Stockit;
			sourceTree = "<group>";
		};
		25898D1B1A57B50000FFF2DD /* Supporting Files */ = {
			isa = PBXGroup;
			children = (
				25898D1C1A57B50000FFF2DD /* Info.plist */,
			);
			name = "Supporting Files";
			sourceTree = "<group>";
		};
		25898D331A57B50000FFF2DD /* StockitTests */ = {
			isa = PBXGroup;
			children = (
				25898D361A57B50000FFF2DD /* StockitTests.swift */,
				25898D341A57B50000FFF2DD /* Supporting Files */,
			);
			path = StockitTests;
			sourceTree = "<group>";
		};
		25898D341A57B50000FFF2DD /* Supporting Files */ = {
			isa = PBXGroup;
			children = (
				25898D351A57B50000FFF2DD /* Info.plist */,
			);
			name = "Supporting Files";
			sourceTree = "<group>";
		};
/* End PBXGroup section */

/* Begin PBXNativeTarget section */
		25898D171A57B50000FFF2DD /* Stockit */ = {
			isa = PBXNativeTarget;
			buildConfigurationList = 25898D3A1A57B50000FFF2DD /* Build configuration list for PBXNativeTarget "Stockit" */;
			buildPhases = (
				25898D141A57B50000FFF2DD /* Sources */,
				25898D151A57B50000FFF2DD /* Frameworks */,
				25898D161A57B50000FFF2DD /* Resources */,
			);
			buildRules = (
			);
			dependencies = (
			);
			name = Stockit;
			productName = Stockit;
			productReference = 25898D181A57B50000FFF2DD /* Stockit.app */;
			productType = "com.apple.product-type.application";
		};
		25898D2F1A57B50000FFF2DD /* StockitTests */ = {
			isa = PBXNativeTarget;
			buildConfigurationList = 25898D3D1A57B50000FFF2DD /* Build configuration list for PBXNativeTarget "StockitTests" */;
			buildPhases = (
				25898D2C1A57B50000FFF2DD /* Sources */,
				25898D2D1A57B50000FFF2DD /* Frameworks */,
				25898D2E1A57B50000FFF2DD /* Resources */,
			);
			buildRules = (
			);
			dependencies = (
				25898D321A57B50000FFF2DD /* PBXTargetDependency */,
			);
			name = StockitTests;
			productName = StockitTests;
			productReference = 25898D301A57B50000FFF2DD /* StockitTests.xctest */;
			productType = "com.apple.product-type.bundle.unit-test";
		};
/* End PBXNativeTarget section */

/* Begin PBXProject section */
		25898D101A57B50000FFF2DD /* Project object */ = {
			isa = PBXProject;
			attributes = {
				LastUpgradeCheck = 0610;
				ORGANIZATIONNAME = erudite;
				TargetAttributes = {
					25898D171A57B50000FFF2DD = {
						CreatedOnToolsVersion = 6.1;
					};
					25898D2F1A57B50000FFF2DD = {
						CreatedOnToolsVersion = 6.1;
						TestTargetID = 25898D171A57B50000FFF2DD;
					};
				};
			};
			buildConfigurationList = 25898D131A57B50000FFF2DD /* Build configuration list for PBXProject "Stockit" */;
			compatibilityVersion = "Xcode 3.2";
			developmentRegion = English;
			hasScannedForEncodings = 0;
			knownRegions = (
				en,
				Base,
			);
			mainGroup = 25898D0F1A57B50000FFF2DD;
			productRefGroup = 25898D191A57B50000FFF2DD /* Products */;
			projectDirPath = "";
			projectRoot = "";
			targets = (
				25898D171A57B50000FFF2DD /* Stockit */,
				25898D2F1A57B50000FFF2DD /* StockitTests */,
			);
		};
/* End PBXProject section */

/* Begin PBXResourcesBuildPhase section */
		25898D161A57B50000FFF2DD /* Resources */ = {
			isa = PBXResourcesBuildPhase;
			buildActionMask = 2147483647;
			files = (
				25898D261A57B50000FFF2DD /* Main.storyboard in Resources */,
				25898D2B1A57B50000FFF2DD /* LaunchScreen.xib in Resources */,
				25898D281A57B50000FFF2DD /* Images.xcassets in Resources */,
			);
			runOnlyForDeploymentPostprocessing = 0;
		};
		25898D2E1A57B50000FFF2DD /* Resources */ = {
			isa = PBXResourcesBuildPhase;
			buildActionMask = 2147483647;
			files = (
			);
			runOnlyForDeploymentPostprocessing = 0;
		};
/* End PBXResourcesBuildPhase section */

/* Begin PBXSourcesBuildPhase section */
		25898D141A57B50000FFF2DD /* Sources */ = {
			isa = PBXSourcesBuildPhase;
			buildActionMask = 2147483647;
			files = (
				25898D231A57B50000FFF2DD /* ViewController.swift in Sources */,
				25898D1E1A57B50000FFF2DD /* AppDelegate.swift in Sources */,
				25898D211A57B50000FFF2DD /* Stockit.xcdatamodeld in Sources */,
			);
			runOnlyForDeploymentPostprocessing = 0;
		};
		25898D2C1A57B50000FFF2DD /* Sources */ = {
			isa = PBXSourcesBuildPhase;
			buildActionMask = 2147483647;
			files = (
				25898D371A57B50000FFF2DD /* StockitTests.swift in Sources */,
			);
			runOnlyForDeploymentPostprocessing = 0;
		};
/* End PBXSourcesBuildPhase section */

/* Begin PBXTargetDependency section */
		25898D321A57B50000FFF2DD /* PBXTargetDependency */ = {
			isa = PBXTargetDependency;
			target = 25898D171A57B50000FFF2DD /* Stockit */;
			targetProxy = 25898D311A57B50000FFF2DD /* PBXContainerItemProxy */;
		};
/* End PBXTargetDependency section */

/* Begin PBXVariantGroup section */
		25898D241A57B50000FFF2DD /* Main.storyboard */ = {
			isa = PBXVariantGroup;
			children = (
				25898D251A57B50000FFF2DD /* Base */,
			);
			name = Main.storyboard;
			sourceTree = "<group>";
		};
		25898D291A57B50000FFF2DD /* LaunchScreen.xib */ = {
			isa = PBXVariantGroup;
			children = (
				25898D2A1A57B50000FFF2DD /* Base */,
			);
			name = LaunchScreen.xib;
			sourceTree = "<group>";
		};
/* End PBXVariantGroup section */

/* Begin XCBuildConfiguration section */
		25898D381A57B50000FFF2DD /* Debug */ = {
			isa = XCBuildConfiguration;
			buildSettings = {
				ALWAYS_SEARCH_USER_PATHS = NO;
				CLANG_CXX_LANGUAGE_STANDARD = "gnu++0x";
				CLANG_CXX_LIBRARY = "libc++";
				CLANG_ENABLE_MODULES = YES;
				CLANG_ENABLE_OBJC_ARC = YES;
				CLANG_WARN_BOOL_CONVERSION = YES;
				CLANG_WARN_CONSTANT_CONVERSION = YES;
				CLANG_WARN_DIRECT_OBJC_ISA_USAGE = YES_ERROR;
				CLANG_WARN_EMPTY_BODY = YES;
				CLANG_WARN_ENUM_CONVERSION = YES;
				CLANG_WARN_INT_CONVERSION = YES;
				CLANG_WARN_OBJC_ROOT_CLASS = YES_ERROR;
				CLANG_WARN_UNREACHABLE_CODE = YES;
				CLANG_WARN__DUPLICATE_METHOD_MATCH = YES;
				"CODE_SIGN_IDENTITY[sdk=iphoneos*]" = "iPhone Developer";
				COPY_PHASE_STRIP = NO;
				ENABLE_STRICT_OBJC_MSGSEND = YES;
				GCC_C_LANGUAGE_STANDARD = gnu99;
				GCC_DYNAMIC_NO_PIC = NO;
				GCC_OPTIMIZATION_LEVEL = 0;
				GCC_PREPROCESSOR_DEFINITIONS = (
					"DEBUG=1",
					"$(inherited)",
				);
				GCC_SYMBOLS_PRIVATE_EXTERN = NO;
				GCC_WARN_64_TO_32_BIT_CONVERSION = YES;
				GCC_WARN_ABOUT_RETURN_TYPE = YES_ERROR;
				GCC_WARN_UNDECLARED_SELECTOR = YES;
				GCC_WARN_UNINITIALIZED_AUTOS = YES_AGGRESSIVE;
				GCC_WARN_UNUSED_FUNCTION = YES;
				GCC_WARN_UNUSED_VARIABLE = YES;
				IPHONEOS_DEPLOYMENT_TARGET = 8.1;
				MTL_ENABLE_DEBUG_INFO = YES;
				ONLY_ACTIVE_ARCH = YES;
				SDKROOT = iphoneos;
				SWIFT_OPTIMIZATION_LEVEL = "-Onone";
				TARGETED_DEVICE_FAMILY = "1,2";
			};
			name = Debug;
		};
		25898D391A57B50000FFF2DD /* Release */ = {
			isa = XCBuildConfiguration;
			buildSettings = {
				ALWAYS_SEARCH_USER_PATHS = NO;
				CLANG_CXX_LANGUAGE_STANDARD = "gnu++0x";
				CLANG_CXX_LIBRARY = "libc++";
				CLANG_ENABLE_MODULES = YES;
				CLANG_ENABLE_OBJC_ARC = YES;
				CLANG_WARN_BOOL_CONVERSION = YES;
				CLANG_WARN_CONSTANT_CONVERSION = YES;
				CLANG_WARN_DIRECT_OBJC_ISA_USAGE = YES_ERROR;
				CLANG_WARN_EMPTY_BODY = YES;
				CLANG_WARN_ENUM_CONVERSION = YES;
				CLANG_WARN_INT_CONVERSION = YES;
				CLANG_WARN_OBJC_ROOT_CLASS = YES_ERROR;
				CLANG_WARN_UNREACHABLE_CODE = YES;
				CLANG_WARN__DUPLICATE_METHOD_MATCH = YES;
				"CODE_SIGN_IDENTITY[sdk=iphoneos*]" = "iPhone Developer";
				COPY_PHASE_STRIP = YES;
				ENABLE_NS_ASSERTIONS = NO;
				ENABLE_STRICT_OBJC_MSGSEND = YES;
				GCC_C_LANGUAGE_STANDARD = gnu99;
				GCC_WARN_64_TO_32_BIT_CONVERSION = YES;
				GCC_WARN_ABOUT_RETURN_TYPE = YES_ERROR;
				GCC_WARN_UNDECLARED_SELECTOR = YES;
				GCC_WARN_UNINITIALIZED_AUTOS = YES_AGGRESSIVE;
				GCC_WARN_UNUSED_FUNCTION = YES;
				GCC_WARN_UNUSED_VARIABLE = YES;
				IPHONEOS_DEPLOYMENT_TARGET = 8.1;
				MTL_ENABLE_DEBUG_INFO = NO;
				SDKROOT = iphoneos;
				TARGETED_DEVICE_FAMILY = "1,2";
				VALIDATE_PRODUCT = YES;
			};
			name = Release;
		};
		25898D3B1A57B50000FFF2DD /* Debug */ = {
			isa = XCBuildConfiguration;
			buildSettings = {
				ASSETCATALOG_COMPILER_APPICON_NAME = AppIcon;
				INFOPLIST_FILE = Stockit/Info.plist;
				LD_RUNPATH_SEARCH_PATHS = "$(inherited) @executable_path/Frameworks";
				PRODUCT_NAME = "$(TARGET_NAME)";
			};
			name = Debug;
		};
		25898D3C1A57B50000FFF2DD /* Release */ = {
			isa = XCBuildConfiguration;
			buildSettings = {
				ASSETCATALOG_COMPILER_APPICON_NAME = AppIcon;
				INFOPLIST_FILE = Stockit/Info.plist;
				LD_RUNPATH_SEARCH_PATHS = "$(inherited) @executable_path/Frameworks";
				PRODUCT_NAME = "$(TARGET_NAME)";
			};
			name = Release;
		};
		25898D3E1A57B50000FFF2DD /* Debug */ = {
			isa = XCBuildConfiguration;
			buildSettings = {
				BUNDLE_LOADER = "$(TEST_HOST)";
				FRAMEWORK_SEARCH_PATHS = (
					"$(SDKROOT)/Developer/Library/Frameworks",
					"$(inherited)",
				);
				GCC_PREPROCESSOR_DEFINITIONS = (
					"DEBUG=1",
					"$(inherited)",
				);
				INFOPLIST_FILE = StockitTests/Info.plist;
				LD_RUNPATH_SEARCH_PATHS = "$(inherited) @executable_path/Frameworks @loader_path/Frameworks";
				PRODUCT_NAME = "$(TARGET_NAME)";
				TEST_HOST = "$(BUILT_PRODUCTS_DIR)/Stockit.app/Stockit";
			};
			name = Debug;
		};
		25898D3F1A57B50000FFF2DD /* Release */ = {
			isa = XCBuildConfiguration;
			buildSettings = {
				BUNDLE_LOADER = "$(TEST_HOST)";
				FRAMEWORK_SEARCH_PATHS = (
					"$(SDKROOT)/Developer/Library/Frameworks",
					"$(inherited)",
				);
				INFOPLIST_FILE = StockitTests/Info.plist;
				LD_RUNPATH_SEARCH_PATHS = "$(inherited) @executable_path/Frameworks @loader_path/Frameworks";
				PRODUCT_NAME = "$(TARGET_NAME)";
				TEST_HOST = "$(BUILT_PRODUCTS_DIR)/Stockit.app/Stockit";
			};
			name = Release;
		};
/* End XCBuildConfiguration section */

/* Begin XCConfigurationList section */
		25898D131A57B50000FFF2DD /* Build configuration list for PBXProject "Stockit" */ = {
			isa = XCConfigurationList;
			buildConfigurations = (
				25898D381A57B50000FFF2DD /* Debug */,
				25898D391A57B50000FFF2DD /* Release */,
			);
			defaultConfigurationIsVisible = 0;
			defaultConfigurationName = Release;
		};
		25898D3A1A57B50000FFF2DD /* Build configuration list for PBXNativeTarget "Stockit" */ = {
			isa = XCConfigurationList;
			buildConfigurations = (
				25898D3B1A57B50000FFF2DD /* Debug */,
				25898D3C1A57B50000FFF2DD /* Release */,
			);
			defaultConfigurationIsVisible = 0;
		};
		25898D3D1A57B50000FFF2DD /* Build configuration list for PBXNativeTarget "StockitTests" */ = {
			isa = XCConfigurationList;
			buildConfigurations = (
				25898D3E1A57B50000FFF2DD /* Debug */,
				25898D3F1A57B50000FFF2DD /* Release */,
			);
			defaultConfigurationIsVisible = 0;
		};
/* End XCConfigurationList section */

/* Begin XCVersionGroup section */
		25898D1F1A57B50000FFF2DD /* Stockit.xcdatamodeld */ = {
			isa = XCVersionGroup;
			children = (
				25898D201A57B50000FFF2DD /* Stockit.xcdatamodel */,
			);
			currentVersion = 25898D201A57B50000FFF2DD /* Stockit.xcdatamodel */;
			path = Stockit.xcdatamodeld;
			sourceTree = "<group>";
			versionGroupType = wrapper.xcdatamodel;
		};
/* End XCVersionGroup section */
	};
	rootObject = 25898D101A57B50000FFF2DD /* Project object */;
}
