// !$*UTF8*$!
{
	archiveVersion = 1;
	classes = {
	};
	objectVersion = 46;
	objects = {

/* Begin PBXBuildFile section */
		2536DFE31A594DDB0010FAA3 /* StockTableViewCell.swift in Sources */ = {isa = PBXBuildFile; fileRef = 2536DFE21A594DDB0010FAA3 /* StockTableViewCell.swift */; };
		25898D371A57B50000FFF2DD /* StockitTests.swift in Sources */ = {isa = PBXBuildFile; fileRef = 25898D361A57B50000FFF2DD /* StockitTests.swift */; };
		25898D6B1A57B62400FFF2DD /* AppDelegate.swift in Sources */ = {isa = PBXBuildFile; fileRef = 25898D411A57B62400FFF2DD /* AppDelegate.swift */; };
		25898D6C1A57B62400FFF2DD /* AddPortfolioViewController.swift in Sources */ = {isa = PBXBuildFile; fileRef = 25898D441A57B62400FFF2DD /* AddPortfolioViewController.swift */; };
		25898D6D1A57B62400FFF2DD /* AddStockViewController.swift in Sources */ = {isa = PBXBuildFile; fileRef = 25898D451A57B62400FFF2DD /* AddStockViewController.swift */; };
		25898D6E1A57B62400FFF2DD /* PortfolioDetailsViewController.swift in Sources */ = {isa = PBXBuildFile; fileRef = 25898D461A57B62400FFF2DD /* PortfolioDetailsViewController.swift */; };
		25898D6F1A57B62400FFF2DD /* PortfoliosTableViewController.swift in Sources */ = {isa = PBXBuildFile; fileRef = 25898D471A57B62400FFF2DD /* PortfoliosTableViewController.swift */; };
		25898D701A57B62400FFF2DD /* StockDetailsViewController.swift in Sources */ = {isa = PBXBuildFile; fileRef = 25898D481A57B62400FFF2DD /* StockDetailsViewController.swift */; };
		25898D711A57B62400FFF2DD /* data.json in Resources */ = {isa = PBXBuildFile; fileRef = 25898D4A1A57B62400FFF2DD /* data.json */; };
		25898D721A57B62400FFF2DD /* NewApp.xcdatamodeld in Sources */ = {isa = PBXBuildFile; fileRef = 25898D4B1A57B62400FFF2DD /* NewApp.xcdatamodeld */; };
		25898D731A57B62400FFF2DD /* portfolios.json in Resources */ = {isa = PBXBuildFile; fileRef = 25898D4D1A57B62400FFF2DD /* portfolios.json */; };
		25898D741A57B62400FFF2DD /* stock.json in Resources */ = {isa = PBXBuildFile; fileRef = 25898D4E1A57B62400FFF2DD /* stock.json */; };
		25898D751A57B62400FFF2DD /* stockList.json in Resources */ = {isa = PBXBuildFile; fileRef = 25898D4F1A57B62400FFF2DD /* stockList.json */; };
		25898D761A57B62400FFF2DD /* Reachability.m in Sources */ = {isa = PBXBuildFile; fileRef = 25898D531A57B62400FFF2DD /* Reachability.m */; };
		25898D771A57B62400FFF2DD /* Images.xcassets in Resources */ = {isa = PBXBuildFile; fileRef = 25898D541A57B62400FFF2DD /* Images.xcassets */; };
		25898D781A57B62400FFF2DD /* BaseAdapter.swift in Sources */ = {isa = PBXBuildFile; fileRef = 25898D571A57B62400FFF2DD /* BaseAdapter.swift */; };
		25898D791A57B62400FFF2DD /* PortfolioAdapter.swift in Sources */ = {isa = PBXBuildFile; fileRef = 25898D581A57B62400FFF2DD /* PortfolioAdapter.swift */; };
		25898D7A1A57B62400FFF2DD /* StockAdapter.swift in Sources */ = {isa = PBXBuildFile; fileRef = 25898D591A57B62400FFF2DD /* StockAdapter.swift */; };
		25898D7B1A57B62400FFF2DD /* Portfolio.swift in Sources */ = {isa = PBXBuildFile; fileRef = 25898D5B1A57B62400FFF2DD /* Portfolio.swift */; };
		25898D7C1A57B62400FFF2DD /* Stock.swift in Sources */ = {isa = PBXBuildFile; fileRef = 25898D5C1A57B62400FFF2DD /* Stock.swift */; };
		25898D7D1A57B62400FFF2DD /* CommonFunc.swift in Sources */ = {isa = PBXBuildFile; fileRef = 25898D5E1A57B62400FFF2DD /* CommonFunc.swift */; };
		25898D7E1A57B62400FFF2DD /* CoreData.swift in Sources */ = {isa = PBXBuildFile; fileRef = 25898D5F1A57B62400FFF2DD /* CoreData.swift */; };
		25898D7F1A57B62400FFF2DD /* RestService.swift in Sources */ = {isa = PBXBuildFile; fileRef = 25898D601A57B62400FFF2DD /* RestService.swift */; };
		25898D801A57B62400FFF2DD /* Constants.swift in Sources */ = {isa = PBXBuildFile; fileRef = 25898D621A57B62400FFF2DD /* Constants.swift */; };
		25898D811A57B62400FFF2DD /* LaunchScreen.xib in Resources */ = {isa = PBXBuildFile; fileRef = 25898D641A57B62400FFF2DD /* LaunchScreen.xib */; };
		25898D821A57B62400FFF2DD /* Main.storyboard in Resources */ = {isa = PBXBuildFile; fileRef = 25898D661A57B62400FFF2DD /* Main.storyboard */; };
		25898D831A57B62400FFF2DD /* PortfoliosTableViewCell.swift in Sources */ = {isa = PBXBuildFile; fileRef = 25898D681A57B62400FFF2DD /* PortfoliosTableViewCell.swift */; };
		25898D841A57B62400FFF2DD /* staticTableViewCell.swift in Sources */ = {isa = PBXBuildFile; fileRef = 25898D691A57B62400FFF2DD /* staticTableViewCell.swift */; };
		25898D851A57B62400FFF2DD /* StockSearchTableViewCell.swift in Sources */ = {isa = PBXBuildFile; fileRef = 25898D6A1A57B62400FFF2DD /* StockSearchTableViewCell.swift */; };
		259955A41A70AF5300C89332 /* CSV.swift in Sources */ = {isa = PBXBuildFile; fileRef = 259955A31A70AF5300C89332 /* CSV.swift */; };
		259975F41A599B7500A40279 /* stockData.swift in Sources */ = {isa = PBXBuildFile; fileRef = 259975F31A599B7500A40279 /* stockData.swift */; };
/* End PBXBuildFile section */

/* Begin PBXContainerItemProxy section */
		25898D311A57B50000FFF2DD /* PBXContainerItemProxy */ = {
			isa = PBXContainerItemProxy;
			containerPortal = 25898D101A57B50000FFF2DD /* Project object */;
			proxyType = 1;
			remoteGlobalIDString = 25898D171A57B50000FFF2DD;
			remoteInfo = Stockit;
		};
/* End PBXContainerItemProxy section */

/* Begin PBXFileReference section */
		2536DFE21A594DDB0010FAA3 /* StockTableViewCell.swift */ = {isa = PBXFileReference; fileEncoding = 4; lastKnownFileType = sourcecode.swift; path = StockTableViewCell.swift; sourceTree = "<group>"; };
		25898D181A57B50000FFF2DD /* Stockit.app */ = {isa = PBXFileReference; explicitFileType = wrapper.application; includeInIndex = 0; path = Stockit.app; sourceTree = BUILT_PRODUCTS_DIR; };
		25898D1C1A57B50000FFF2DD /* Info.plist */ = {isa = PBXFileReference; lastKnownFileType = text.plist.xml; path = Info.plist; sourceTree = "<group>"; };
		25898D301A57B50000FFF2DD /* StockitTests.xctest */ = {isa = PBXFileReference; explicitFileType = wrapper.cfbundle; includeInIndex = 0; path = StockitTests.xctest; sourceTree = BUILT_PRODUCTS_DIR; };
		25898D351A57B50000FFF2DD /* Info.plist */ = {isa = PBXFileReference; lastKnownFileType = text.plist.xml; path = Info.plist; sourceTree = "<group>"; };
		25898D361A57B50000FFF2DD /* StockitTests.swift */ = {isa = PBXFileReference; lastKnownFileType = sourcecode.swift; path = StockitTests.swift; sourceTree = "<group>"; };
		25898D411A57B62400FFF2DD /* AppDelegate.swift */ = {isa = PBXFileReference; fileEncoding = 4; lastKnownFileType = sourcecode.swift; path = AppDelegate.swift; sourceTree = "<group>"; };
		25898D441A57B62400FFF2DD /* AddPortfolioViewController.swift */ = {isa = PBXFileReference; fileEncoding = 4; lastKnownFileType = sourcecode.swift; path = AddPortfolioViewController.swift; sourceTree = "<group>"; };
		25898D451A57B62400FFF2DD /* AddStockViewController.swift */ = {isa = PBXFileReference; fileEncoding = 4; lastKnownFileType = sourcecode.swift; path = AddStockViewController.swift; sourceTree = "<group>"; };
		25898D461A57B62400FFF2DD /* PortfolioDetailsViewController.swift */ = {isa = PBXFileReference; fileEncoding = 4; lastKnownFileType = sourcecode.swift; path = PortfolioDetailsViewController.swift; sourceTree = "<group>"; };
		25898D471A57B62400FFF2DD /* PortfoliosTableViewController.swift */ = {isa = PBXFileReference; fileEncoding = 4; lastKnownFileType = sourcecode.swift; path = PortfoliosTableViewController.swift; sourceTree = "<group>"; };
		25898D481A57B62400FFF2DD /* StockDetailsViewController.swift */ = {isa = PBXFileReference; fileEncoding = 4; lastKnownFileType = sourcecode.swift; path = StockDetailsViewController.swift; sourceTree = "<group>"; };
		25898D4A1A57B62400FFF2DD /* data.json */ = {isa = PBXFileReference; fileEncoding = 4; lastKnownFileType = text.json; path = data.json; sourceTree = "<group>"; };
		25898D4C1A57B62400FFF2DD /* NewApp.xcdatamodel */ = {isa = PBXFileReference; lastKnownFileType = wrapper.xcdatamodel; path = NewApp.xcdatamodel; sourceTree = "<group>"; };
		25898D4D1A57B62400FFF2DD /* portfolios.json */ = {isa = PBXFileReference; fileEncoding = 4; lastKnownFileType = text.json; path = portfolios.json; sourceTree = "<group>"; };
		25898D4E1A57B62400FFF2DD /* stock.json */ = {isa = PBXFileReference; fileEncoding = 4; lastKnownFileType = text.json; path = stock.json; sourceTree = "<group>"; };
		25898D4F1A57B62400FFF2DD /* stockList.json */ = {isa = PBXFileReference; fileEncoding = 4; lastKnownFileType = text.json; path = stockList.json; sourceTree = "<group>"; };
		25898D521A57B62400FFF2DD /* Reachability.h */ = {isa = PBXFileReference; fileEncoding = 4; lastKnownFileType = sourcecode.c.h; path = Reachability.h; sourceTree = "<group>"; };
		25898D531A57B62400FFF2DD /* Reachability.m */ = {isa = PBXFileReference; fileEncoding = 4; lastKnownFileType = sourcecode.c.objc; path = Reachability.m; sourceTree = "<group>"; };
		25898D541A57B62400FFF2DD /* Images.xcassets */ = {isa = PBXFileReference; lastKnownFileType = folder.assetcatalog; path = Images.xcassets; sourceTree = "<group>"; };
		25898D571A57B62400FFF2DD /* BaseAdapter.swift */ = {isa = PBXFileReference; fileEncoding = 4; lastKnownFileType = sourcecode.swift; path = BaseAdapter.swift; sourceTree = "<group>"; };
		25898D581A57B62400FFF2DD /* PortfolioAdapter.swift */ = {isa = PBXFileReference; fileEncoding = 4; lastKnownFileType = sourcecode.swift; path = PortfolioAdapter.swift; sourceTree = "<group>"; };
		25898D591A57B62400FFF2DD /* StockAdapter.swift */ = {isa = PBXFileReference; fileEncoding = 4; lastKnownFileType = sourcecode.swift; path = StockAdapter.swift; sourceTree = "<group>"; };
		25898D5B1A57B62400FFF2DD /* Portfolio.swift */ = {isa = PBXFileReference; fileEncoding = 4; lastKnownFileType = sourcecode.swift; path = Portfolio.swift; sourceTree = "<group>"; };
		25898D5C1A57B62400FFF2DD /* Stock.swift */ = {isa = PBXFileReference; fileEncoding = 4; lastKnownFileType = sourcecode.swift; path = Stock.swift; sourceTree = "<group>"; };
		25898D5E1A57B62400FFF2DD /* CommonFunc.swift */ = {isa = PBXFileReference; fileEncoding = 4; lastKnownFileType = sourcecode.swift; path = CommonFunc.swift; sourceTree = "<group>"; };
		25898D5F1A57B62400FFF2DD /* CoreData.swift */ = {isa = PBXFileReference; fileEncoding = 4; lastKnownFileType = sourcecode.swift; path = CoreData.swift; sourceTree = "<group>"; };
		25898D601A57B62400FFF2DD /* RestService.swift */ = {isa = PBXFileReference; fileEncoding = 4; lastKnownFileType = sourcecode.swift; path = RestService.swift; sourceTree = "<group>"; };
		25898D621A57B62400FFF2DD /* Constants.swift */ = {isa = PBXFileReference; fileEncoding = 4; lastKnownFileType = sourcecode.swift; path = Constants.swift; sourceTree = "<group>"; };
		25898D651A57B62400FFF2DD /* Base */ = {isa = PBXFileReference; lastKnownFileType = file.xib; name = Base; path = Base.lproj/LaunchScreen.xib; sourceTree = "<group>"; };
		25898D671A57B62400FFF2DD /* Base */ = {isa = PBXFileReference; lastKnownFileType = file.storyboard; name = Base; path = Base.lproj/Main.storyboard; sourceTree = "<group>"; };
		25898D681A57B62400FFF2DD /* PortfoliosTableViewCell.swift */ = {isa = PBXFileReference; fileEncoding = 4; lastKnownFileType = sourcecode.swift; path = PortfoliosTableViewCell.swift; sourceTree = "<group>"; };
		25898D691A57B62400FFF2DD /* staticTableViewCell.swift */ = {isa = PBXFileReference; fileEncoding = 4; lastKnownFileType = sourcecode.swift; path = staticTableViewCell.swift; sourceTree = "<group>"; };
		25898D6A1A57B62400FFF2DD /* StockSearchTableViewCell.swift */ = {isa = PBXFileReference; fileEncoding = 4; lastKnownFileType = sourcecode.swift; path = StockSearchTableViewCell.swift; sourceTree = "<group>"; };
		25898D861A57BAAF00FFF2DD /* Stockit-Bridging-Header.h */ = {isa = PBXFileReference; lastKnownFileType = sourcecode.c.h; path = "Stockit-Bridging-Header.h"; sourceTree = "<group>"; };
		259955A31A70AF5300C89332 /* CSV.swift */ = {isa = PBXFileReference; fileEncoding = 4; lastKnownFileType = sourcecode.swift; path = CSV.swift; sourceTree = "<group>"; };
		259975F31A599B7500A40279 /* stockData.swift */ = {isa = PBXFileReference; fileEncoding = 4; lastKnownFileType = sourcecode.swift; path = stockData.swift; sourceTree = "<group>"; };
/* End PBXFileReference section */

/* Begin PBXFrameworksBuildPhase section */
		25898D151A57B50000FFF2DD /* Frameworks */ = {
			isa = PBXFrameworksBuildPhase;
			buildActionMask = 2147483647;
			files = (
			);
			runOnlyForDeploymentPostprocessing = 0;
		};
		25898D2D1A57B50000FFF2DD /* Frameworks */ = {
			isa = PBXFrameworksBuildPhase;
			buildActionMask = 2147483647;
			files = (
			);
			runOnlyForDeploymentPostprocessing = 0;
		};
/* End PBXFrameworksBuildPhase section */

/* Begin PBXGroup section */
		25898D0F1A57B50000FFF2DD = {
			isa = PBXGroup;
			children = (
				25898D1A1A57B50000FFF2DD /* Stockit */,
				25898D331A57B50000FFF2DD /* StockitTests */,
				25898D191A57B50000FFF2DD /* Products */,
			);
			sourceTree = "<group>";
		};
		25898D191A57B50000FFF2DD /* Products */ = {
			isa = PBXGroup;
			children = (
				25898D181A57B50000FFF2DD /* Stockit.app */,
				25898D301A57B50000FFF2DD /* StockitTests.xctest */,
			);
			name = Products;
			sourceTree = "<group>";
		};
		25898D1A1A57B50000FFF2DD /* Stockit */ = {
			isa = PBXGroup;
			children = (
				25898D401A57B62400FFF2DD /* application */,
				25898D421A57B62400FFF2DD /* constants */,
				25898D431A57B62400FFF2DD /* controller */,
				25898D491A57B62400FFF2DD /* data */,
				25898D501A57B62400FFF2DD /* frameworks */,
				25898D541A57B62400FFF2DD /* Images.xcassets */,
				25898D551A57B62400FFF2DD /* model */,
				25898D631A57B62400FFF2DD /* view */,
				25898D1B1A57B50000FFF2DD /* Supporting Files */,
			);
			path = Stockit;
			sourceTree = "<group>";
		};
		25898D1B1A57B50000FFF2DD /* Supporting Files */ = {
			isa = PBXGroup;
			children = (
				25898D1C1A57B50000FFF2DD /* Info.plist */,
				25898D861A57BAAF00FFF2DD /* Stockit-Bridging-Header.h */,
			);
			name = "Supporting Files";
			sourceTree = "<group>";
		};
		25898D331A57B50000FFF2DD /* StockitTests */ = {
			isa = PBXGroup;
			children = (
				25898D361A57B50000FFF2DD /* StockitTests.swift */,
				25898D341A57B50000FFF2DD /* Supporting Files */,
			);
			path = StockitTests;
			sourceTree = "<group>";
		};
		25898D341A57B50000FFF2DD /* Supporting Files */ = {
			isa = PBXGroup;
			children = (
				25898D351A57B50000FFF2DD /* Info.plist */,
			);
			name = "Supporting Files";
			sourceTree = "<group>";
		};
		25898D401A57B62400FFF2DD /* application */ = {
			isa = PBXGroup;
			children = (
				25898D411A57B62400FFF2DD /* AppDelegate.swift */,
			);
			path = application;
			sourceTree = "<group>";
		};
		25898D421A57B62400FFF2DD /* constants */ = {
			isa = PBXGroup;
			children = (
			);
			path = constants;
			sourceTree = "<group>";
		};
		25898D431A57B62400FFF2DD /* controller */ = {
			isa = PBXGroup;
			children = (
				25898D441A57B62400FFF2DD /* AddPortfolioViewController.swift */,
				25898D451A57B62400FFF2DD /* AddStockViewController.swift */,
				25898D461A57B62400FFF2DD /* PortfolioDetailsViewController.swift */,
				25898D471A57B62400FFF2DD /* PortfoliosTableViewController.swift */,
				25898D481A57B62400FFF2DD /* StockDetailsViewController.swift */,
			);
			path = controller;
			sourceTree = "<group>";
		};
		25898D491A57B62400FFF2DD /* data */ = {
			isa = PBXGroup;
			children = (
				25898D4A1A57B62400FFF2DD /* data.json */,
				25898D4B1A57B62400FFF2DD /* NewApp.xcdatamodeld */,
				25898D4D1A57B62400FFF2DD /* portfolios.json */,
				25898D4E1A57B62400FFF2DD /* stock.json */,
				25898D4F1A57B62400FFF2DD /* stockList.json */,
			);
			path = data;
			sourceTree = "<group>";
		};
		25898D501A57B62400FFF2DD /* frameworks */ = {
			isa = PBXGroup;
			children = (
				25898D511A57B62400FFF2DD /* Reachability */,
			);
			path = frameworks;
			sourceTree = "<group>";
		};
		25898D511A57B62400FFF2DD /* Reachability */ = {
			isa = PBXGroup;
			children = (
				25898D521A57B62400FFF2DD /* Reachability.h */,
				25898D531A57B62400FFF2DD /* Reachability.m */,
			);
			path = Reachability;
			sourceTree = "<group>";
		};
		25898D551A57B62400FFF2DD /* model */ = {
			isa = PBXGroup;
			children = (
				25898D561A57B62400FFF2DD /* adapters */,
				25898D5A1A57B62400FFF2DD /* entities */,
				25898D5D1A57B62400FFF2DD /* services */,
				25898D611A57B62400FFF2DD /* utils */,
			);
			path = model;
			sourceTree = "<group>";
		};
		25898D561A57B62400FFF2DD /* adapters */ = {
			isa = PBXGroup;
			children = (
				25898D571A57B62400FFF2DD /* BaseAdapter.swift */,
				25898D581A57B62400FFF2DD /* PortfolioAdapter.swift */,
				25898D591A57B62400FFF2DD /* StockAdapter.swift */,
			);
			path = adapters;
			sourceTree = "<group>";
		};
		25898D5A1A57B62400FFF2DD /* entities */ = {
			isa = PBXGroup;
			children = (
				25898D5B1A57B62400FFF2DD /* Portfolio.swift */,
				25898D5C1A57B62400FFF2DD /* Stock.swift */,
				259975F31A599B7500A40279 /* stockData.swift */,
			);
			path = entities;
			sourceTree = "<group>";
		};
		25898D5D1A57B62400FFF2DD /* services */ = {
			isa = PBXGroup;
			children = (
				25898D5E1A57B62400FFF2DD /* CommonFunc.swift */,
				25898D5F1A57B62400FFF2DD /* CoreData.swift */,
				25898D601A57B62400FFF2DD /* RestService.swift */,
				259955A31A70AF5300C89332 /* CSV.swift */,
			);
			path = services;
			sourceTree = "<group>";
		};
		25898D611A57B62400FFF2DD /* utils */ = {
			isa = PBXGroup;
			children = (
				25898D621A57B62400FFF2DD /* Constants.swift */,
			);
			path = utils;
			sourceTree = "<group>";
		};
		25898D631A57B62400FFF2DD /* view */ = {
			isa = PBXGroup;
			children = (
				25898D641A57B62400FFF2DD /* LaunchScreen.xib */,
				25898D661A57B62400FFF2DD /* Main.storyboard */,
				25898D681A57B62400FFF2DD /* PortfoliosTableViewCell.swift */,
				25898D691A57B62400FFF2DD /* staticTableViewCell.swift */,
				25898D6A1A57B62400FFF2DD /* StockSearchTableViewCell.swift */,
				2536DFE21A594DDB0010FAA3 /* StockTableViewCell.swift */,
			);
			path = view;
			sourceTree = "<group>";
		};
/* End PBXGroup section */

/* Begin PBXNativeTarget section */
		25898D171A57B50000FFF2DD /* Stockit */ = {
			isa = PBXNativeTarget;
			buildConfigurationList = 25898D3A1A57B50000FFF2DD /* Build configuration list for PBXNativeTarget "Stockit" */;
			buildPhases = (
				25898D141A57B50000FFF2DD /* Sources */,
				25898D151A57B50000FFF2DD /* Frameworks */,
				25898D161A57B50000FFF2DD /* Resources */,
			);
			buildRules = (
			);
			dependencies = (
			);
			name = Stockit;
			productName = Stockit;
			productReference = 25898D181A57B50000FFF2DD /* Stockit.app */;
			productType = "com.apple.product-type.application";
		};
		25898D2F1A57B50000FFF2DD /* StockitTests */ = {
			isa = PBXNativeTarget;
			buildConfigurationList = 25898D3D1A57B50000FFF2DD /* Build configuration list for PBXNativeTarget "StockitTests" */;
			buildPhases = (
				25898D2C1A57B50000FFF2DD /* Sources */,
				25898D2D1A57B50000FFF2DD /* Frameworks */,
				25898D2E1A57B50000FFF2DD /* Resources */,
			);
			buildRules = (
			);
			dependencies = (
				25898D321A57B50000FFF2DD /* PBXTargetDependency */,
			);
			name = StockitTests;
			productName = StockitTests;
			productReference = 25898D301A57B50000FFF2DD /* StockitTests.xctest */;
			productType = "com.apple.product-type.bundle.unit-test";
		};
/* End PBXNativeTarget section */

/* Begin PBXProject section */
		25898D101A57B50000FFF2DD /* Project object */ = {
			isa = PBXProject;
			attributes = {
				LastUpgradeCheck = 0610;
				ORGANIZATIONNAME = erudite;
				TargetAttributes = {
					25898D171A57B50000FFF2DD = {
						CreatedOnToolsVersion = 6.1;
					};
					25898D2F1A57B50000FFF2DD = {
						CreatedOnToolsVersion = 6.1;
						TestTargetID = 25898D171A57B50000FFF2DD;
					};
				};
			};
			buildConfigurationList = 25898D131A57B50000FFF2DD /* Build configuration list for PBXProject "Stockit" */;
			compatibilityVersion = "Xcode 3.2";
			developmentRegion = English;
			hasScannedForEncodings = 0;
			knownRegions = (
				en,
				Base,
			);
			mainGroup = 25898D0F1A57B50000FFF2DD;
			productRefGroup = 25898D191A57B50000FFF2DD /* Products */;
			projectDirPath = "";
			projectRoot = "";
			targets = (
				25898D171A57B50000FFF2DD /* Stockit */,
				25898D2F1A57B50000FFF2DD /* StockitTests */,
			);
		};
/* End PBXProject section */

/* Begin PBXResourcesBuildPhase section */
		25898D161A57B50000FFF2DD /* Resources */ = {
			isa = PBXResourcesBuildPhase;
			buildActionMask = 2147483647;
			files = (
				25898D821A57B62400FFF2DD /* Main.storyboard in Resources */,
				25898D741A57B62400FFF2DD /* stock.json in Resources */,
				25898D771A57B62400FFF2DD /* Images.xcassets in Resources */,
				25898D731A57B62400FFF2DD /* portfolios.json in Resources */,
				25898D751A57B62400FFF2DD /* stockList.json in Resources */,
				25898D811A57B62400FFF2DD /* LaunchScreen.xib in Resources */,
				25898D711A57B62400FFF2DD /* data.json in Resources */,
			);
			runOnlyForDeploymentPostprocessing = 0;
		};
		25898D2E1A57B50000FFF2DD /* Resources */ = {
			isa = PBXResourcesBuildPhase;
			buildActionMask = 2147483647;
			files = (
			);
			runOnlyForDeploymentPostprocessing = 0;
		};
/* End PBXResourcesBuildPhase section */

/* Begin PBXSourcesBuildPhase section */
		25898D141A57B50000FFF2DD /* Sources */ = {
			isa = PBXSourcesBuildPhase;
			buildActionMask = 2147483647;
			files = (
				259975F41A599B7500A40279 /* stockData.swift in Sources */,
				25898D7B1A57B62400FFF2DD /* Portfolio.swift in Sources */,
				25898D801A57B62400FFF2DD /* Constants.swift in Sources */,
				259955A41A70AF5300C89332 /* CSV.swift in Sources */,
				25898D831A57B62400FFF2DD /* PortfoliosTableViewCell.swift in Sources */,
				25898D701A57B62400FFF2DD /* StockDetailsViewController.swift in Sources */,
				25898D6C1A57B62400FFF2DD /* AddPortfolioViewController.swift in Sources */,
				25898D761A57B62400FFF2DD /* Reachability.m in Sources */,
				25898D841A57B62400FFF2DD /* staticTableViewCell.swift in Sources */,
				2536DFE31A594DDB0010FAA3 /* StockTableViewCell.swift in Sources */,
				25898D7E1A57B62400FFF2DD /* CoreData.swift in Sources */,
				25898D7C1A57B62400FFF2DD /* Stock.swift in Sources */,
				25898D6F1A57B62400FFF2DD /* PortfoliosTableViewController.swift in Sources */,
				25898D791A57B62400FFF2DD /* PortfolioAdapter.swift in Sources */,
				25898D6B1A57B62400FFF2DD /* AppDelegate.swift in Sources */,
				25898D6E1A57B62400FFF2DD /* PortfolioDetailsViewController.swift in Sources */,
				25898D6D1A57B62400FFF2DD /* AddStockViewController.swift in Sources */,
				25898D7F1A57B62400FFF2DD /* RestService.swift in Sources */,
				25898D7A1A57B62400FFF2DD /* StockAdapter.swift in Sources */,
				25898D781A57B62400FFF2DD /* BaseAdapter.swift in Sources */,
				25898D7D1A57B62400FFF2DD /* CommonFunc.swift in Sources */,
				25898D851A57B62400FFF2DD /* StockSearchTableViewCell.swift in Sources */,
				25898D721A57B62400FFF2DD /* NewApp.xcdatamodeld in Sources */,
			);
			runOnlyForDeploymentPostprocessing = 0;
		};
		25898D2C1A57B50000FFF2DD /* Sources */ = {
			isa = PBXSourcesBuildPhase;
			buildActionMask = 2147483647;
			files = (
				25898D371A57B50000FFF2DD /* StockitTests.swift in Sources */,
			);
			runOnlyForDeploymentPostprocessing = 0;
		};
/* End PBXSourcesBuildPhase section */

/* Begin PBXTargetDependency section */
		25898D321A57B50000FFF2DD /* PBXTargetDependency */ = {
			isa = PBXTargetDependency;
			target = 25898D171A57B50000FFF2DD /* Stockit */;
			targetProxy = 25898D311A57B50000FFF2DD /* PBXContainerItemProxy */;
		};
/* End PBXTargetDependency section */

/* Begin PBXVariantGroup section */
		25898D641A57B62400FFF2DD /* LaunchScreen.xib */ = {
			isa = PBXVariantGroup;
			children = (
				25898D651A57B62400FFF2DD /* Base */,
			);
			name = LaunchScreen.xib;
			sourceTree = "<group>";
		};
		25898D661A57B62400FFF2DD /* Main.storyboard */ = {
			isa = PBXVariantGroup;
			children = (
				25898D671A57B62400FFF2DD /* Base */,
			);
			name = Main.storyboard;
			sourceTree = "<group>";
		};
/* End PBXVariantGroup section */

/* Begin XCBuildConfiguration section */
		25898D381A57B50000FFF2DD /* Debug */ = {
			isa = XCBuildConfiguration;
			buildSettings = {
				ALWAYS_SEARCH_USER_PATHS = NO;
				CLANG_CXX_LANGUAGE_STANDARD = "gnu++0x";
				CLANG_CXX_LIBRARY = "libc++";
				CLANG_ENABLE_MODULES = YES;
				CLANG_ENABLE_OBJC_ARC = YES;
				CLANG_WARN_BOOL_CONVERSION = YES;
				CLANG_WARN_CONSTANT_CONVERSION = YES;
				CLANG_WARN_DIRECT_OBJC_ISA_USAGE = YES_ERROR;
				CLANG_WARN_EMPTY_BODY = YES;
				CLANG_WARN_ENUM_CONVERSION = YES;
				CLANG_WARN_INT_CONVERSION = YES;
				CLANG_WARN_OBJC_ROOT_CLASS = YES_ERROR;
				CLANG_WARN_UNREACHABLE_CODE = YES;
				CLANG_WARN__DUPLICATE_METHOD_MATCH = YES;
				"CODE_SIGN_IDENTITY[sdk=iphoneos*]" = "iPhone Developer";
				COPY_PHASE_STRIP = NO;
				ENABLE_STRICT_OBJC_MSGSEND = YES;
				GCC_C_LANGUAGE_STANDARD = gnu99;
				GCC_DYNAMIC_NO_PIC = NO;
				GCC_OPTIMIZATION_LEVEL = 0;
				GCC_PREPROCESSOR_DEFINITIONS = (
					"DEBUG=1",
					"$(inherited)",
				);
				GCC_SYMBOLS_PRIVATE_EXTERN = NO;
				GCC_WARN_64_TO_32_BIT_CONVERSION = YES;
				GCC_WARN_ABOUT_RETURN_TYPE = YES_ERROR;
				GCC_WARN_UNDECLARED_SELECTOR = YES;
				GCC_WARN_UNINITIALIZED_AUTOS = YES_AGGRESSIVE;
				GCC_WARN_UNUSED_FUNCTION = YES;
				GCC_WARN_UNUSED_VARIABLE = YES;
				IPHONEOS_DEPLOYMENT_TARGET = 8.1;
				MTL_ENABLE_DEBUG_INFO = YES;
				ONLY_ACTIVE_ARCH = YES;
				SDKROOT = iphoneos;
				SWIFT_OPTIMIZATION_LEVEL = "-Onone";
				TARGETED_DEVICE_FAMILY = "1,2";
			};
			name = Debug;
		};
		25898D391A57B50000FFF2DD /* Release */ = {
			isa = XCBuildConfiguration;
			buildSettings = {
				ALWAYS_SEARCH_USER_PATHS = NO;
				CLANG_CXX_LANGUAGE_STANDARD = "gnu++0x";
				CLANG_CXX_LIBRARY = "libc++";
				CLANG_ENABLE_MODULES = YES;
				CLANG_ENABLE_OBJC_ARC = YES;
				CLANG_WARN_BOOL_CONVERSION = YES;
				CLANG_WARN_CONSTANT_CONVERSION = YES;
				CLANG_WARN_DIRECT_OBJC_ISA_USAGE = YES_ERROR;
				CLANG_WARN_EMPTY_BODY = YES;
				CLANG_WARN_ENUM_CONVERSION = YES;
				CLANG_WARN_INT_CONVERSION = YES;
				CLANG_WARN_OBJC_ROOT_CLASS = YES_ERROR;
				CLANG_WARN_UNREACHABLE_CODE = YES;
				CLANG_WARN__DUPLICATE_METHOD_MATCH = YES;
				"CODE_SIGN_IDENTITY[sdk=iphoneos*]" = "iPhone Developer";
				COPY_PHASE_STRIP = YES;
				ENABLE_NS_ASSERTIONS = NO;
				ENABLE_STRICT_OBJC_MSGSEND = YES;
				GCC_C_LANGUAGE_STANDARD = gnu99;
				GCC_WARN_64_TO_32_BIT_CONVERSION = YES;
				GCC_WARN_ABOUT_RETURN_TYPE = YES_ERROR;
				GCC_WARN_UNDECLARED_SELECTOR = YES;
				GCC_WARN_UNINITIALIZED_AUTOS = YES_AGGRESSIVE;
				GCC_WARN_UNUSED_FUNCTION = YES;
				GCC_WARN_UNUSED_VARIABLE = YES;
				IPHONEOS_DEPLOYMENT_TARGET = 8.1;
				MTL_ENABLE_DEBUG_INFO = NO;
				SDKROOT = iphoneos;
				TARGETED_DEVICE_FAMILY = "1,2";
				VALIDATE_PRODUCT = YES;
			};
			name = Release;
		};
		25898D3B1A57B50000FFF2DD /* Debug */ = {
			isa = XCBuildConfiguration;
			buildSettings = {
				ASSETCATALOG_COMPILER_APPICON_NAME = AppIcon;
				INFOPLIST_FILE = Stockit/Info.plist;
				LD_RUNPATH_SEARCH_PATHS = "$(inherited) @executable_path/Frameworks";
				PRODUCT_NAME = "$(TARGET_NAME)";
				SWIFT_OBJC_BRIDGING_HEADER = "Stockit/Stockit-Bridging-Header.h";
				TARGETED_DEVICE_FAMILY = "1,2";
			};
			name = Debug;
		};
		25898D3C1A57B50000FFF2DD /* Release */ = {
			isa = XCBuildConfiguration;
			buildSettings = {
				ASSETCATALOG_COMPILER_APPICON_NAME = AppIcon;
				INFOPLIST_FILE = Stockit/Info.plist;
				LD_RUNPATH_SEARCH_PATHS = "$(inherited) @executable_path/Frameworks";
				PRODUCT_NAME = "$(TARGET_NAME)";
				SWIFT_OBJC_BRIDGING_HEADER = "Stockit/Stockit-Bridging-Header.h";
				TARGETED_DEVICE_FAMILY = "1,2";
			};
			name = Release;
		};
		25898D3E1A57B50000FFF2DD /* Debug */ = {
			isa = XCBuildConfiguration;
			buildSettings = {
				BUNDLE_LOADER = "$(TEST_HOST)";
				FRAMEWORK_SEARCH_PATHS = (
					"$(SDKROOT)/Developer/Library/Frameworks",
					"$(inherited)",
				);
				GCC_PREPROCESSOR_DEFINITIONS = (
					"DEBUG=1",
					"$(inherited)",
				);
				INFOPLIST_FILE = StockitTests/Info.plist;
				LD_RUNPATH_SEARCH_PATHS = "$(inherited) @executable_path/Frameworks @loader_path/Frameworks";
				PRODUCT_NAME = "$(TARGET_NAME)";
				TEST_HOST = "$(BUILT_PRODUCTS_DIR)/Stockit.app/Stockit";
			};
			name = Debug;
		};
		25898D3F1A57B50000FFF2DD /* Release */ = {
			isa = XCBuildConfiguration;
			buildSettings = {
				BUNDLE_LOADER = "$(TEST_HOST)";
				FRAMEWORK_SEARCH_PATHS = (
					"$(SDKROOT)/Developer/Library/Frameworks",
					"$(inherited)",
				);
				INFOPLIST_FILE = StockitTests/Info.plist;
				LD_RUNPATH_SEARCH_PATHS = "$(inherited) @executable_path/Frameworks @loader_path/Frameworks";
				PRODUCT_NAME = "$(TARGET_NAME)";
				TEST_HOST = "$(BUILT_PRODUCTS_DIR)/Stockit.app/Stockit";
			};
			name = Release;
		};
/* End XCBuildConfiguration section */

/* Begin XCConfigurationList section */
		25898D131A57B50000FFF2DD /* Build configuration list for PBXProject "Stockit" */ = {
			isa = XCConfigurationList;
			buildConfigurations = (
				25898D381A57B50000FFF2DD /* Debug */,
				25898D391A57B50000FFF2DD /* Release */,
			);
			defaultConfigurationIsVisible = 0;
			defaultConfigurationName = Release;
		};
		25898D3A1A57B50000FFF2DD /* Build configuration list for PBXNativeTarget "Stockit" */ = {
			isa = XCConfigurationList;
			buildConfigurations = (
				25898D3B1A57B50000FFF2DD /* Debug */,
				25898D3C1A57B50000FFF2DD /* Release */,
			);
			defaultConfigurationIsVisible = 0;
			defaultConfigurationName = Release;
		};
		25898D3D1A57B50000FFF2DD /* Build configuration list for PBXNativeTarget "StockitTests" */ = {
			isa = XCConfigurationList;
			buildConfigurations = (
				25898D3E1A57B50000FFF2DD /* Debug */,
				25898D3F1A57B50000FFF2DD /* Release */,
			);
			defaultConfigurationIsVisible = 0;
			defaultConfigurationName = Release;
		};
/* End XCConfigurationList section */

/* Begin XCVersionGroup section */
		25898D4B1A57B62400FFF2DD /* NewApp.xcdatamodeld */ = {
			isa = XCVersionGroup;
			children = (
				25898D4C1A57B62400FFF2DD /* NewApp.xcdatamodel */,
			);
			currentVersion = 25898D4C1A57B62400FFF2DD /* NewApp.xcdatamodel */;
			path = NewApp.xcdatamodeld;
			sourceTree = "<group>";
			versionGroupType = wrapper.xcdatamodel;
		};
/* End XCVersionGroup section */
	};
	rootObject = 25898D101A57B50000FFF2DD /* Project object */;
}
