// !$*UTF8*$!
{
	archiveVersion = 1;
	classes = {
	};
	objectVersion = 46;
	objects = {

/* Begin PBXBuildFile section */
		257FA6C01A4B477200A04218 /* AppDelegate.swift in Sources */ = {isa = PBXBuildFile; fileRef = 257FA6A21A4B477200A04218 /* AppDelegate.swift */; };
		257FA6C51A4B477200A04218 /* data.json in Resources */ = {isa = PBXBuildFile; fileRef = 257FA6AA1A4B477200A04218 /* data.json */; };
		257FA6C61A4B477200A04218 /* NewApp.xcdatamodeld in Sources */ = {isa = PBXBuildFile; fileRef = 257FA6AB1A4B477200A04218 /* NewApp.xcdatamodeld */; };
		257FA6C71A4B477200A04218 /* portfolios.json in Resources */ = {isa = PBXBuildFile; fileRef = 257FA6AD1A4B477200A04218 /* portfolios.json */; };
		257FA6C81A4B477200A04218 /* stock.json in Resources */ = {isa = PBXBuildFile; fileRef = 257FA6AE1A4B477200A04218 /* stock.json */; };
		257FA6CC1A4B477200A04218 /* CoreData.swift in Sources */ = {isa = PBXBuildFile; fileRef = 257FA6B61A4B477200A04218 /* CoreData.swift */; };
		257FA6CD1A4B477200A04218 /* RestService.swift in Sources */ = {isa = PBXBuildFile; fileRef = 257FA6B71A4B477200A04218 /* RestService.swift */; };
		257FA6CE1A4B477200A04218 /* LaunchScreen.xib in Resources */ = {isa = PBXBuildFile; fileRef = 257FA6BA1A4B477200A04218 /* LaunchScreen.xib */; };
		257FA6CF1A4B477200A04218 /* Main.storyboard in Resources */ = {isa = PBXBuildFile; fileRef = 257FA6BC1A4B477200A04218 /* Main.storyboard */; };
		257FA6D01A4B477200A04218 /* staticTableViewCell.swift in Sources */ = {isa = PBXBuildFile; fileRef = 257FA6BE1A4B477200A04218 /* staticTableViewCell.swift */; };
		257FA6D11A4B477200A04218 /* TableViewCell.swift in Sources */ = {isa = PBXBuildFile; fileRef = 257FA6BF1A4B477200A04218 /* TableViewCell.swift */; };
		257FA6D51A4BF86C00A04218 /* StockDetailsViewController.swift in Sources */ = {isa = PBXBuildFile; fileRef = 257FA6D41A4BF86C00A04218 /* StockDetailsViewController.swift */; };
		257FA6D71A4BF96100A04218 /* PortfolioListViewController.swift in Sources */ = {isa = PBXBuildFile; fileRef = 257FA6D61A4BF96100A04218 /* PortfolioListViewController.swift */; };
		257FA6D91A4BFA3F00A04218 /* AddPortfolioViewController.swift in Sources */ = {isa = PBXBuildFile; fileRef = 257FA6D81A4BFA3F00A04218 /* AddPortfolioViewController.swift */; };
		257FA6DB1A4C117400A04218 /* PortfolioAdapter.swift in Sources */ = {isa = PBXBuildFile; fileRef = 257FA6DA1A4C117400A04218 /* PortfolioAdapter.swift */; };
		257FA6DD1A4C118600A04218 /* StockAdapter.swift in Sources */ = {isa = PBXBuildFile; fileRef = 257FA6DC1A4C118600A04218 /* StockAdapter.swift */; };
		257FA6DF1A4C122D00A04218 /* Stock.swift in Sources */ = {isa = PBXBuildFile; fileRef = 257FA6DE1A4C122D00A04218 /* Stock.swift */; };
		257FA6E11A4C128400A04218 /* Portfolio.swift in Sources */ = {isa = PBXBuildFile; fileRef = 257FA6E01A4C128400A04218 /* Portfolio.swift */; };
		257FA6E31A4C132C00A04218 /* BaseAdapter.swift in Sources */ = {isa = PBXBuildFile; fileRef = 257FA6E21A4C132C00A04218 /* BaseAdapter.swift */; };
		25D5077C1A4C32A500B233F3 /* CommonFunc.swift in Sources */ = {isa = PBXBuildFile; fileRef = 25D5077B1A4C32A500B233F3 /* CommonFunc.swift */; };
		25D5077E1A4C368C00B233F3 /* stockList.json in Resources */ = {isa = PBXBuildFile; fileRef = 25D5077D1A4C368C00B233F3 /* stockList.json */; };
		BE0D7B461A415660004E0205 /* Images.xcassets in Resources */ = {isa = PBXBuildFile; fileRef = BE0D7B451A415660004E0205 /* Images.xcassets */; };
		BE0D7B551A415661004E0205 /* NewAppTests.swift in Sources */ = {isa = PBXBuildFile; fileRef = BE0D7B541A415661004E0205 /* NewAppTests.swift */; };
		BE9D03121A418ADB007635B0 /* CoreData.framework in Frameworks */ = {isa = PBXBuildFile; fileRef = BE9D03111A418ADB007635B0 /* CoreData.framework */; };
/* End PBXBuildFile section */

/* Begin PBXContainerItemProxy section */
		BE0D7B4F1A415661004E0205 /* PBXContainerItemProxy */ = {
			isa = PBXContainerItemProxy;
			containerPortal = BE0D7B311A415660004E0205 /* Project object */;
			proxyType = 1;
			remoteGlobalIDString = BE0D7B381A415660004E0205;
			remoteInfo = NewApp;
		};
/* End PBXContainerItemProxy section */

/* Begin PBXFileReference section */
		257FA6A21A4B477200A04218 /* AppDelegate.swift */ = {isa = PBXFileReference; fileEncoding = 4; lastKnownFileType = sourcecode.swift; path = AppDelegate.swift; sourceTree = "<group>"; };
		257FA6AA1A4B477200A04218 /* data.json */ = {isa = PBXFileReference; fileEncoding = 4; lastKnownFileType = text.json; path = data.json; sourceTree = "<group>"; };
		257FA6AC1A4B477200A04218 /* NewApp.xcdatamodel */ = {isa = PBXFileReference; lastKnownFileType = wrapper.xcdatamodel; path = NewApp.xcdatamodel; sourceTree = "<group>"; };
		257FA6AD1A4B477200A04218 /* portfolios.json */ = {isa = PBXFileReference; fileEncoding = 4; lastKnownFileType = text.json; path = portfolios.json; sourceTree = "<group>"; };
		257FA6AE1A4B477200A04218 /* stock.json */ = {isa = PBXFileReference; fileEncoding = 4; lastKnownFileType = text.json; path = stock.json; sourceTree = "<group>"; };
		257FA6B61A4B477200A04218 /* CoreData.swift */ = {isa = PBXFileReference; fileEncoding = 4; lastKnownFileType = sourcecode.swift; path = CoreData.swift; sourceTree = "<group>"; };
		257FA6B71A4B477200A04218 /* RestService.swift */ = {isa = PBXFileReference; fileEncoding = 4; lastKnownFileType = sourcecode.swift; path = RestService.swift; sourceTree = "<group>"; };
		257FA6BB1A4B477200A04218 /* Base */ = {isa = PBXFileReference; lastKnownFileType = file.xib; name = Base; path = Base.lproj/LaunchScreen.xib; sourceTree = "<group>"; };
		257FA6BD1A4B477200A04218 /* Base */ = {isa = PBXFileReference; lastKnownFileType = file.storyboard; name = Base; path = Base.lproj/Main.storyboard; sourceTree = "<group>"; };
		257FA6BE1A4B477200A04218 /* staticTableViewCell.swift */ = {isa = PBXFileReference; fileEncoding = 4; lastKnownFileType = sourcecode.swift; path = staticTableViewCell.swift; sourceTree = "<group>"; };
		257FA6BF1A4B477200A04218 /* TableViewCell.swift */ = {isa = PBXFileReference; fileEncoding = 4; lastKnownFileType = sourcecode.swift; path = TableViewCell.swift; sourceTree = "<group>"; };
		257FA6D41A4BF86C00A04218 /* StockDetailsViewController.swift */ = {isa = PBXFileReference; fileEncoding = 4; lastKnownFileType = sourcecode.swift; path = StockDetailsViewController.swift; sourceTree = "<group>"; };
		257FA6D61A4BF96100A04218 /* PortfolioListViewController.swift */ = {isa = PBXFileReference; fileEncoding = 4; lastKnownFileType = sourcecode.swift; path = PortfolioListViewController.swift; sourceTree = "<group>"; };
		257FA6D81A4BFA3F00A04218 /* AddPortfolioViewController.swift */ = {isa = PBXFileReference; fileEncoding = 4; lastKnownFileType = sourcecode.swift; path = AddPortfolioViewController.swift; sourceTree = "<group>"; };
		257FA6DA1A4C117400A04218 /* PortfolioAdapter.swift */ = {isa = PBXFileReference; fileEncoding = 4; lastKnownFileType = sourcecode.swift; path = PortfolioAdapter.swift; sourceTree = "<group>"; };
		257FA6DC1A4C118600A04218 /* StockAdapter.swift */ = {isa = PBXFileReference; fileEncoding = 4; lastKnownFileType = sourcecode.swift; path = StockAdapter.swift; sourceTree = "<group>"; };
		257FA6DE1A4C122D00A04218 /* Stock.swift */ = {isa = PBXFileReference; fileEncoding = 4; lastKnownFileType = sourcecode.swift; path = Stock.swift; sourceTree = "<group>"; };
		257FA6E01A4C128400A04218 /* Portfolio.swift */ = {isa = PBXFileReference; fileEncoding = 4; lastKnownFileType = sourcecode.swift; path = Portfolio.swift; sourceTree = "<group>"; };
		257FA6E21A4C132C00A04218 /* BaseAdapter.swift */ = {isa = PBXFileReference; fileEncoding = 4; lastKnownFileType = sourcecode.swift; path = BaseAdapter.swift; sourceTree = "<group>"; };
		25D5077B1A4C32A500B233F3 /* CommonFunc.swift */ = {isa = PBXFileReference; fileEncoding = 4; lastKnownFileType = sourcecode.swift; path = CommonFunc.swift; sourceTree = "<group>"; };
		25D5077D1A4C368C00B233F3 /* stockList.json */ = {isa = PBXFileReference; fileEncoding = 4; lastKnownFileType = text.json; path = stockList.json; sourceTree = "<group>"; };
		BE0D7B391A415660004E0205 /* NewApp.app */ = {isa = PBXFileReference; explicitFileType = wrapper.application; includeInIndex = 0; path = NewApp.app; sourceTree = BUILT_PRODUCTS_DIR; };
		BE0D7B3D1A415660004E0205 /* Info.plist */ = {isa = PBXFileReference; lastKnownFileType = text.plist.xml; path = Info.plist; sourceTree = "<group>"; };
		BE0D7B451A415660004E0205 /* Images.xcassets */ = {isa = PBXFileReference; lastKnownFileType = folder.assetcatalog; path = Images.xcassets; sourceTree = "<group>"; };
		BE0D7B4E1A415661004E0205 /* NewAppTests.xctest */ = {isa = PBXFileReference; explicitFileType = wrapper.cfbundle; includeInIndex = 0; path = NewAppTests.xctest; sourceTree = BUILT_PRODUCTS_DIR; };
		BE0D7B531A415661004E0205 /* Info.plist */ = {isa = PBXFileReference; lastKnownFileType = text.plist.xml; path = Info.plist; sourceTree = "<group>"; };
		BE0D7B541A415661004E0205 /* NewAppTests.swift */ = {isa = PBXFileReference; lastKnownFileType = sourcecode.swift; path = NewAppTests.swift; sourceTree = "<group>"; };
		BE9D03111A418ADB007635B0 /* CoreData.framework */ = {isa = PBXFileReference; lastKnownFileType = wrapper.framework; name = CoreData.framework; path = System/Library/Frameworks/CoreData.framework; sourceTree = SDKROOT; };
/* End PBXFileReference section */

/* Begin PBXFrameworksBuildPhase section */
		BE0D7B361A415660004E0205 /* Frameworks */ = {
			isa = PBXFrameworksBuildPhase;
			buildActionMask = 2147483647;
			files = (
				BE9D03121A418ADB007635B0 /* CoreData.framework in Frameworks */,
			);
			runOnlyForDeploymentPostprocessing = 0;
		};
		BE0D7B4B1A415661004E0205 /* Frameworks */ = {
			isa = PBXFrameworksBuildPhase;
			buildActionMask = 2147483647;
			files = (
			);
			runOnlyForDeploymentPostprocessing = 0;
		};
/* End PBXFrameworksBuildPhase section */

/* Begin PBXGroup section */
		257FA6A11A4B477200A04218 /* application */ = {
			isa = PBXGroup;
			children = (
				257FA6A21A4B477200A04218 /* AppDelegate.swift */,
			);
			path = application;
			sourceTree = "<group>";
		};
		257FA6A31A4B477200A04218 /* constants */ = {
			isa = PBXGroup;
			children = (
			);
			path = constants;
			sourceTree = "<group>";
		};
		257FA6A41A4B477200A04218 /* controller */ = {
			isa = PBXGroup;
			children = (
				257FA6D41A4BF86C00A04218 /* StockDetailsViewController.swift */,
				257FA6D61A4BF96100A04218 /* PortfolioListViewController.swift */,
				257FA6D81A4BFA3F00A04218 /* AddPortfolioViewController.swift */,
			);
			path = controller;
			sourceTree = "<group>";
		};
		257FA6A91A4B477200A04218 /* data */ = {
			isa = PBXGroup;
			children = (
				257FA6AA1A4B477200A04218 /* data.json */,
				257FA6AB1A4B477200A04218 /* NewApp.xcdatamodeld */,
				257FA6AD1A4B477200A04218 /* portfolios.json */,
				257FA6AE1A4B477200A04218 /* stock.json */,
				25D5077D1A4C368C00B233F3 /* stockList.json */,
			);
			path = data;
			sourceTree = "<group>";
		};
		257FA6AF1A4B477200A04218 /* model */ = {
			isa = PBXGroup;
			children = (
				257FA6B01A4B477200A04218 /* adapters */,
				257FA6B11A4B477200A04218 /* entities */,
				257FA6B41A4B477200A04218 /* services */,
				257FA6B81A4B477200A04218 /* utils */,
			);
			path = model;
			sourceTree = "<group>";
		};
		257FA6B01A4B477200A04218 /* adapters */ = {
			isa = PBXGroup;
			children = (
				257FA6DA1A4C117400A04218 /* PortfolioAdapter.swift */,
				257FA6DC1A4C118600A04218 /* StockAdapter.swift */,
				257FA6E21A4C132C00A04218 /* BaseAdapter.swift */,
			);
			path = adapters;
			sourceTree = "<group>";
		};
		257FA6B11A4B477200A04218 /* entities */ = {
			isa = PBXGroup;
			children = (
				257FA6DE1A4C122D00A04218 /* Stock.swift */,
				257FA6E01A4C128400A04218 /* Portfolio.swift */,
			);
			path = entities;
			sourceTree = "<group>";
		};
		257FA6B41A4B477200A04218 /* services */ = {
			isa = PBXGroup;
			children = (
				257FA6B61A4B477200A04218 /* CoreData.swift */,
				257FA6B71A4B477200A04218 /* RestService.swift */,
				25D5077B1A4C32A500B233F3 /* CommonFunc.swift */,
			);
			path = services;
			sourceTree = "<group>";
		};
		257FA6B81A4B477200A04218 /* utils */ = {
			isa = PBXGroup;
			children = (
			);
			path = utils;
			sourceTree = "<group>";
		};
		257FA6B91A4B477200A04218 /* view */ = {
			isa = PBXGroup;
			children = (
				257FA6BA1A4B477200A04218 /* LaunchScreen.xib */,
				257FA6BC1A4B477200A04218 /* Main.storyboard */,
				257FA6BE1A4B477200A04218 /* staticTableViewCell.swift */,
				257FA6BF1A4B477200A04218 /* TableViewCell.swift */,
			);
			path = view;
			sourceTree = "<group>";
		};
		BE0D7B301A415660004E0205 = {
			isa = PBXGroup;
			children = (
				BE9D03111A418ADB007635B0 /* CoreData.framework */,
				BE0D7B3B1A415660004E0205 /* NewApp */,
				BE0D7B511A415661004E0205 /* NewAppTests */,
				BE0D7B3A1A415660004E0205 /* Products */,
			);
			sourceTree = "<group>";
		};
		BE0D7B3A1A415660004E0205 /* Products */ = {
			isa = PBXGroup;
			children = (
				BE0D7B391A415660004E0205 /* NewApp.app */,
				BE0D7B4E1A415661004E0205 /* NewAppTests.xctest */,
			);
			name = Products;
			sourceTree = "<group>";
		};
		BE0D7B3B1A415660004E0205 /* NewApp */ = {
			isa = PBXGroup;
			children = (
				257FA6A11A4B477200A04218 /* application */,
				257FA6A31A4B477200A04218 /* constants */,
				257FA6A41A4B477200A04218 /* controller */,
				257FA6A91A4B477200A04218 /* data */,
				257FA6AF1A4B477200A04218 /* model */,
				257FA6B91A4B477200A04218 /* view */,
				BE0D7B451A415660004E0205 /* Images.xcassets */,
				BE0D7B3C1A415660004E0205 /* Supporting Files */,
			);
			path = NewApp;
			sourceTree = "<group>";
		};
		BE0D7B3C1A415660004E0205 /* Supporting Files */ = {
			isa = PBXGroup;
			children = (
				BE0D7B3D1A415660004E0205 /* Info.plist */,
			);
			name = "Supporting Files";
			sourceTree = "<group>";
		};
		BE0D7B511A415661004E0205 /* NewAppTests */ = {
			isa = PBXGroup;
			children = (
				BE0D7B541A415661004E0205 /* NewAppTests.swift */,
				BE0D7B521A415661004E0205 /* Supporting Files */,
			);
			path = NewAppTests;
			sourceTree = "<group>";
		};
		BE0D7B521A415661004E0205 /* Supporting Files */ = {
			isa = PBXGroup;
			children = (
				BE0D7B531A415661004E0205 /* Info.plist */,
			);
			name = "Supporting Files";
			sourceTree = "<group>";
		};
/* End PBXGroup section */

/* Begin PBXNativeTarget section */
		BE0D7B381A415660004E0205 /* NewApp */ = {
			isa = PBXNativeTarget;
			buildConfigurationList = BE0D7B581A415661004E0205 /* Build configuration list for PBXNativeTarget "NewApp" */;
			buildPhases = (
				BE0D7B351A415660004E0205 /* Sources */,
				BE0D7B361A415660004E0205 /* Frameworks */,
				BE0D7B371A415660004E0205 /* Resources */,
			);
			buildRules = (
			);
			dependencies = (
			);
			name = NewApp;
			productName = NewApp;
			productReference = BE0D7B391A415660004E0205 /* NewApp.app */;
			productType = "com.apple.product-type.application";
		};
		BE0D7B4D1A415661004E0205 /* NewAppTests */ = {
			isa = PBXNativeTarget;
			buildConfigurationList = BE0D7B5B1A415661004E0205 /* Build configuration list for PBXNativeTarget "NewAppTests" */;
			buildPhases = (
				BE0D7B4A1A415661004E0205 /* Sources */,
				BE0D7B4B1A415661004E0205 /* Frameworks */,
				BE0D7B4C1A415661004E0205 /* Resources */,
			);
			buildRules = (
			);
			dependencies = (
				BE0D7B501A415661004E0205 /* PBXTargetDependency */,
			);
			name = NewAppTests;
			productName = NewAppTests;
			productReference = BE0D7B4E1A415661004E0205 /* NewAppTests.xctest */;
			productType = "com.apple.product-type.bundle.unit-test";
		};
/* End PBXNativeTarget section */

/* Begin PBXProject section */
		BE0D7B311A415660004E0205 /* Project object */ = {
			isa = PBXProject;
			attributes = {
				LastUpgradeCheck = 0610;
				ORGANIZATIONNAME = Administrator;
				TargetAttributes = {
					BE0D7B381A415660004E0205 = {
						CreatedOnToolsVersion = 6.1;
					};
					BE0D7B4D1A415661004E0205 = {
						CreatedOnToolsVersion = 6.1;
						TestTargetID = BE0D7B381A415660004E0205;
					};
				};
			};
			buildConfigurationList = BE0D7B341A415660004E0205 /* Build configuration list for PBXProject "NewApp" */;
			compatibilityVersion = "Xcode 3.2";
			developmentRegion = English;
			hasScannedForEncodings = 0;
			knownRegions = (
				en,
				Base,
			);
			mainGroup = BE0D7B301A415660004E0205;
			productRefGroup = BE0D7B3A1A415660004E0205 /* Products */;
			projectDirPath = "";
			projectRoot = "";
			targets = (
				BE0D7B381A415660004E0205 /* NewApp */,
				BE0D7B4D1A415661004E0205 /* NewAppTests */,
			);
		};
/* End PBXProject section */

/* Begin PBXResourcesBuildPhase section */
		BE0D7B371A415660004E0205 /* Resources */ = {
			isa = PBXResourcesBuildPhase;
			buildActionMask = 2147483647;
			files = (
				257FA6CE1A4B477200A04218 /* LaunchScreen.xib in Resources */,
				257FA6C71A4B477200A04218 /* portfolios.json in Resources */,
				BE0D7B461A415660004E0205 /* Images.xcassets in Resources */,
				257FA6CF1A4B477200A04218 /* Main.storyboard in Resources */,
				257FA6C81A4B477200A04218 /* stock.json in Resources */,
				257FA6C51A4B477200A04218 /* data.json in Resources */,
				25D5077E1A4C368C00B233F3 /* stockList.json in Resources */,
			);
			runOnlyForDeploymentPostprocessing = 0;
		};
		BE0D7B4C1A415661004E0205 /* Resources */ = {
			isa = PBXResourcesBuildPhase;
			buildActionMask = 2147483647;
			files = (
			);
			runOnlyForDeploymentPostprocessing = 0;
		};
/* End PBXResourcesBuildPhase section */

/* Begin PBXSourcesBuildPhase section */
		BE0D7B351A415660004E0205 /* Sources */ = {
			isa = PBXSourcesBuildPhase;
			buildActionMask = 2147483647;
			files = (
				25D5077C1A4C32A500B233F3 /* CommonFunc.swift in Sources */,
				257FA6C01A4B477200A04218 /* AppDelegate.swift in Sources */,
				257FA6D71A4BF96100A04218 /* PortfolioListViewController.swift in Sources */,
				257FA6CC1A4B477200A04218 /* CoreData.swift in Sources */,
				257FA6DB1A4C117400A04218 /* PortfolioAdapter.swift in Sources */,
				257FA6DD1A4C118600A04218 /* StockAdapter.swift in Sources */,
				257FA6D51A4BF86C00A04218 /* StockDetailsViewController.swift in Sources */,
				257FA6D91A4BFA3F00A04218 /* AddPortfolioViewController.swift in Sources */,
				257FA6E31A4C132C00A04218 /* BaseAdapter.swift in Sources */,
				257FA6E11A4C128400A04218 /* Portfolio.swift in Sources */,
				257FA6D11A4B477200A04218 /* TableViewCell.swift in Sources */,
				257FA6DF1A4C122D00A04218 /* Stock.swift in Sources */,
				257FA6C61A4B477200A04218 /* NewApp.xcdatamodeld in Sources */,
				257FA6D01A4B477200A04218 /* staticTableViewCell.swift in Sources */,
				257FA6CD1A4B477200A04218 /* RestService.swift in Sources */,
			);
			runOnlyForDeploymentPostprocessing = 0;
		};
		BE0D7B4A1A415661004E0205 /* Sources */ = {
			isa = PBXSourcesBuildPhase;
			buildActionMask = 2147483647;
			files = (
				BE0D7B551A415661004E0205 /* NewAppTests.swift in Sources */,
			);
			runOnlyForDeploymentPostprocessing = 0;
		};
/* End PBXSourcesBuildPhase section */

/* Begin PBXTargetDependency section */
		BE0D7B501A415661004E0205 /* PBXTargetDependency */ = {
			isa = PBXTargetDependency;
			target = BE0D7B381A415660004E0205 /* NewApp */;
			targetProxy = BE0D7B4F1A415661004E0205 /* PBXContainerItemProxy */;
		};
/* End PBXTargetDependency section */

/* Begin PBXVariantGroup section */
		257FA6BA1A4B477200A04218 /* LaunchScreen.xib */ = {
			isa = PBXVariantGroup;
			children = (
				257FA6BB1A4B477200A04218 /* Base */,
			);
			name = LaunchScreen.xib;
			sourceTree = "<group>";
		};
		257FA6BC1A4B477200A04218 /* Main.storyboard */ = {
			isa = PBXVariantGroup;
			children = (
				257FA6BD1A4B477200A04218 /* Base */,
			);
			name = Main.storyboard;
			sourceTree = "<group>";
		};
/* End PBXVariantGroup section */

/* Begin XCBuildConfiguration section */
		BE0D7B561A415661004E0205 /* Debug */ = {
			isa = XCBuildConfiguration;
			buildSettings = {
				ALWAYS_SEARCH_USER_PATHS = NO;
				CLANG_CXX_LANGUAGE_STANDARD = "gnu++0x";
				CLANG_CXX_LIBRARY = "libc++";
				CLANG_ENABLE_MODULES = YES;
				CLANG_ENABLE_OBJC_ARC = YES;
				CLANG_WARN_BOOL_CONVERSION = YES;
				CLANG_WARN_CONSTANT_CONVERSION = YES;
				CLANG_WARN_DIRECT_OBJC_ISA_USAGE = YES_ERROR;
				CLANG_WARN_EMPTY_BODY = YES;
				CLANG_WARN_ENUM_CONVERSION = YES;
				CLANG_WARN_INT_CONVERSION = YES;
				CLANG_WARN_OBJC_ROOT_CLASS = YES_ERROR;
				CLANG_WARN_UNREACHABLE_CODE = YES;
				CLANG_WARN__DUPLICATE_METHOD_MATCH = YES;
				"CODE_SIGN_IDENTITY[sdk=iphoneos*]" = "iPhone Developer";
				COPY_PHASE_STRIP = NO;
				ENABLE_STRICT_OBJC_MSGSEND = YES;
				GCC_C_LANGUAGE_STANDARD = gnu99;
				GCC_DYNAMIC_NO_PIC = NO;
				GCC_OPTIMIZATION_LEVEL = 0;
				GCC_PREPROCESSOR_DEFINITIONS = (
					"DEBUG=1",
					"$(inherited)",
				);
				GCC_SYMBOLS_PRIVATE_EXTERN = NO;
				GCC_WARN_64_TO_32_BIT_CONVERSION = YES;
				GCC_WARN_ABOUT_RETURN_TYPE = YES_ERROR;
				GCC_WARN_UNDECLARED_SELECTOR = YES;
				GCC_WARN_UNINITIALIZED_AUTOS = YES_AGGRESSIVE;
				GCC_WARN_UNUSED_FUNCTION = YES;
				GCC_WARN_UNUSED_VARIABLE = YES;
				IPHONEOS_DEPLOYMENT_TARGET = 8.1;
				MTL_ENABLE_DEBUG_INFO = YES;
				ONLY_ACTIVE_ARCH = YES;
				SDKROOT = iphoneos;
				SWIFT_OPTIMIZATION_LEVEL = "-Onone";
				TARGETED_DEVICE_FAMILY = "1,2";
			};
			name = Debug;
		};
		BE0D7B571A415661004E0205 /* Release */ = {
			isa = XCBuildConfiguration;
			buildSettings = {
				ALWAYS_SEARCH_USER_PATHS = NO;
				CLANG_CXX_LANGUAGE_STANDARD = "gnu++0x";
				CLANG_CXX_LIBRARY = "libc++";
				CLANG_ENABLE_MODULES = YES;
				CLANG_ENABLE_OBJC_ARC = YES;
				CLANG_WARN_BOOL_CONVERSION = YES;
				CLANG_WARN_CONSTANT_CONVERSION = YES;
				CLANG_WARN_DIRECT_OBJC_ISA_USAGE = YES_ERROR;
				CLANG_WARN_EMPTY_BODY = YES;
				CLANG_WARN_ENUM_CONVERSION = YES;
				CLANG_WARN_INT_CONVERSION = YES;
				CLANG_WARN_OBJC_ROOT_CLASS = YES_ERROR;
				CLANG_WARN_UNREACHABLE_CODE = YES;
				CLANG_WARN__DUPLICATE_METHOD_MATCH = YES;
				"CODE_SIGN_IDENTITY[sdk=iphoneos*]" = "iPhone Developer";
				COPY_PHASE_STRIP = YES;
				ENABLE_NS_ASSERTIONS = NO;
				ENABLE_STRICT_OBJC_MSGSEND = YES;
				GCC_C_LANGUAGE_STANDARD = gnu99;
				GCC_WARN_64_TO_32_BIT_CONVERSION = YES;
				GCC_WARN_ABOUT_RETURN_TYPE = YES_ERROR;
				GCC_WARN_UNDECLARED_SELECTOR = YES;
				GCC_WARN_UNINITIALIZED_AUTOS = YES_AGGRESSIVE;
				GCC_WARN_UNUSED_FUNCTION = YES;
				GCC_WARN_UNUSED_VARIABLE = YES;
				IPHONEOS_DEPLOYMENT_TARGET = 8.1;
				MTL_ENABLE_DEBUG_INFO = NO;
				SDKROOT = iphoneos;
				TARGETED_DEVICE_FAMILY = "1,2";
				VALIDATE_PRODUCT = YES;
			};
			name = Release;
		};
		BE0D7B591A415661004E0205 /* Debug */ = {
			isa = XCBuildConfiguration;
			buildSettings = {
				ASSETCATALOG_COMPILER_APPICON_NAME = AppIcon;
				INFOPLIST_FILE = NewApp/Info.plist;
				LD_RUNPATH_SEARCH_PATHS = "$(inherited) @executable_path/Frameworks";
				PRODUCT_NAME = "$(TARGET_NAME)";
				TARGETED_DEVICE_FAMILY = 2;
			};
			name = Debug;
		};
		BE0D7B5A1A415661004E0205 /* Release */ = {
			isa = XCBuildConfiguration;
			buildSettings = {
				ASSETCATALOG_COMPILER_APPICON_NAME = AppIcon;
				INFOPLIST_FILE = NewApp/Info.plist;
				LD_RUNPATH_SEARCH_PATHS = "$(inherited) @executable_path/Frameworks";
				PRODUCT_NAME = "$(TARGET_NAME)";
				TARGETED_DEVICE_FAMILY = 2;
			};
			name = Release;
		};
		BE0D7B5C1A415661004E0205 /* Debug */ = {
			isa = XCBuildConfiguration;
			buildSettings = {
				BUNDLE_LOADER = "$(TEST_HOST)";
				FRAMEWORK_SEARCH_PATHS = (
					"$(SDKROOT)/Developer/Library/Frameworks",
					"$(inherited)",
				);
				GCC_PREPROCESSOR_DEFINITIONS = (
					"DEBUG=1",
					"$(inherited)",
				);
				INFOPLIST_FILE = NewAppTests/Info.plist;
				LD_RUNPATH_SEARCH_PATHS = "$(inherited) @executable_path/Frameworks @loader_path/Frameworks";
				PRODUCT_NAME = "$(TARGET_NAME)";
				TEST_HOST = "$(BUILT_PRODUCTS_DIR)/NewApp.app/NewApp";
			};
			name = Debug;
		};
		BE0D7B5D1A415661004E0205 /* Release */ = {
			isa = XCBuildConfiguration;
			buildSettings = {
				BUNDLE_LOADER = "$(TEST_HOST)";
				FRAMEWORK_SEARCH_PATHS = (
					"$(SDKROOT)/Developer/Library/Frameworks",
					"$(inherited)",
				);
				INFOPLIST_FILE = NewAppTests/Info.plist;
				LD_RUNPATH_SEARCH_PATHS = "$(inherited) @executable_path/Frameworks @loader_path/Frameworks";
				PRODUCT_NAME = "$(TARGET_NAME)";
				TEST_HOST = "$(BUILT_PRODUCTS_DIR)/NewApp.app/NewApp";
			};
			name = Release;
		};
/* End XCBuildConfiguration section */

/* Begin XCConfigurationList section */
		BE0D7B341A415660004E0205 /* Build configuration list for PBXProject "NewApp" */ = {
			isa = XCConfigurationList;
			buildConfigurations = (
				BE0D7B561A415661004E0205 /* Debug */,
				BE0D7B571A415661004E0205 /* Release */,
			);
			defaultConfigurationIsVisible = 0;
			defaultConfigurationName = Release;
		};
		BE0D7B581A415661004E0205 /* Build configuration list for PBXNativeTarget "NewApp" */ = {
			isa = XCConfigurationList;
			buildConfigurations = (
				BE0D7B591A415661004E0205 /* Debug */,
				BE0D7B5A1A415661004E0205 /* Release */,
			);
			defaultConfigurationIsVisible = 0;
			defaultConfigurationName = Release;
		};
		BE0D7B5B1A415661004E0205 /* Build configuration list for PBXNativeTarget "NewAppTests" */ = {
			isa = XCConfigurationList;
			buildConfigurations = (
				BE0D7B5C1A415661004E0205 /* Debug */,
				BE0D7B5D1A415661004E0205 /* Release */,
			);
			defaultConfigurationIsVisible = 0;
			defaultConfigurationName = Release;
		};
/* End XCConfigurationList section */

/* Begin XCVersionGroup section */
		257FA6AB1A4B477200A04218 /* NewApp.xcdatamodeld */ = {
			isa = XCVersionGroup;
			children = (
				257FA6AC1A4B477200A04218 /* NewApp.xcdatamodel */,
			);
			currentVersion = 257FA6AC1A4B477200A04218 /* NewApp.xcdatamodel */;
			path = NewApp.xcdatamodeld;
			sourceTree = "<group>";
			versionGroupType = wrapper.xcdatamodel;
		};
/* End XCVersionGroup section */
	};
	rootObject = BE0D7B311A415660004E0205 /* Project object */;
}
